// !$*UTF8*$!
{
	archiveVersion = 1;
	classes = {
	};
	objectVersion = 56;
	objects = {

/* Begin PBXBuildFile section */
		642FEDDD2B5BB47500A88F7C /* AppDelegate.swift in Sources */ = {isa = PBXBuildFile; fileRef = 642FEDDC2B5BB47500A88F7C /* AppDelegate.swift */; };
		642FEDDF2B5BB47500A88F7C /* SceneDelegate.swift in Sources */ = {isa = PBXBuildFile; fileRef = 642FEDDE2B5BB47500A88F7C /* SceneDelegate.swift */; };
		642FEDE12B5BB47500A88F7C /* BookifyHomeViewController.swift in Sources */ = {isa = PBXBuildFile; fileRef = 642FEDE02B5BB47500A88F7C /* BookifyHomeViewController.swift */; };
		642FEDE42B5BB47500A88F7C /* Main.storyboard in Resources */ = {isa = PBXBuildFile; fileRef = 642FEDE22B5BB47500A88F7C /* Main.storyboard */; };
		642FEDE62B5BB47800A88F7C /* Assets.xcassets in Resources */ = {isa = PBXBuildFile; fileRef = 642FEDE52B5BB47800A88F7C /* Assets.xcassets */; };
		642FEDE92B5BB47800A88F7C /* LaunchScreen.storyboard in Resources */ = {isa = PBXBuildFile; fileRef = 642FEDE72B5BB47800A88F7C /* LaunchScreen.storyboard */; };
		AF36247F467AEAABB8777ACA /* Pods_Bookify.framework in Frameworks */ = {isa = PBXBuildFile; fileRef = 0E0AD5F288EDB3163DFCCD04 /* Pods_Bookify.framework */; };
/* End PBXBuildFile section */

/* Begin PBXFileReference section */
		00B0B61C5C31A8046467B921 /* Pods-Bookify.debug.xcconfig */ = {isa = PBXFileReference; includeInIndex = 1; lastKnownFileType = text.xcconfig; name = "Pods-Bookify.debug.xcconfig"; path = "Target Support Files/Pods-Bookify/Pods-Bookify.debug.xcconfig"; sourceTree = "<group>"; };
		0E0AD5F288EDB3163DFCCD04 /* Pods_Bookify.framework */ = {isa = PBXFileReference; explicitFileType = wrapper.framework; includeInIndex = 0; path = Pods_Bookify.framework; sourceTree = BUILT_PRODUCTS_DIR; };
		5A3430669949C3B5681FA8A1 /* Pods-Bookify.release.xcconfig */ = {isa = PBXFileReference; includeInIndex = 1; lastKnownFileType = text.xcconfig; name = "Pods-Bookify.release.xcconfig"; path = "Target Support Files/Pods-Bookify/Pods-Bookify.release.xcconfig"; sourceTree = "<group>"; };
		642FEDD92B5BB47500A88F7C /* Bookify.app */ = {isa = PBXFileReference; explicitFileType = wrapper.application; includeInIndex = 0; path = Bookify.app; sourceTree = BUILT_PRODUCTS_DIR; };
		642FEDDC2B5BB47500A88F7C /* AppDelegate.swift */ = {isa = PBXFileReference; lastKnownFileType = sourcecode.swift; path = AppDelegate.swift; sourceTree = "<group>"; };
		642FEDDE2B5BB47500A88F7C /* SceneDelegate.swift */ = {isa = PBXFileReference; lastKnownFileType = sourcecode.swift; path = SceneDelegate.swift; sourceTree = "<group>"; };
		642FEDE02B5BB47500A88F7C /* BookifyHomeViewController.swift */ = {isa = PBXFileReference; lastKnownFileType = sourcecode.swift; path = BookifyHomeViewController.swift; sourceTree = "<group>"; };
		642FEDE32B5BB47500A88F7C /* Base */ = {isa = PBXFileReference; lastKnownFileType = file.storyboard; name = Base; path = Base.lproj/Main.storyboard; sourceTree = "<group>"; };
		642FEDE52B5BB47800A88F7C /* Assets.xcassets */ = {isa = PBXFileReference; lastKnownFileType = folder.assetcatalog; path = Assets.xcassets; sourceTree = "<group>"; };
		642FEDE82B5BB47800A88F7C /* Base */ = {isa = PBXFileReference; lastKnownFileType = file.storyboard; name = Base; path = Base.lproj/LaunchScreen.storyboard; sourceTree = "<group>"; };
		642FEDEA2B5BB47800A88F7C /* Info.plist */ = {isa = PBXFileReference; lastKnownFileType = text.plist.xml; path = Info.plist; sourceTree = "<group>"; };
/* End PBXFileReference section */

/* Begin PBXFrameworksBuildPhase section */
		642FEDD62B5BB47500A88F7C /* Frameworks */ = {
			isa = PBXFrameworksBuildPhase;
			buildActionMask = 2147483647;
			files = (
				AF36247F467AEAABB8777ACA /* Pods_Bookify.framework in Frameworks */,
			);
			runOnlyForDeploymentPostprocessing = 0;
		};
/* End PBXFrameworksBuildPhase section */

/* Begin PBXGroup section */
		642FEDD02B5BB47500A88F7C = {
			isa = PBXGroup;
			children = (
				642FEDDB2B5BB47500A88F7C /* Bookify */,
				642FEDDA2B5BB47500A88F7C /* Products */,
				D2F8A779105E2429184E709F /* Pods */,
				B420F71338283285B765C3AD /* Frameworks */,
			);
			sourceTree = "<group>";
		};
		642FEDDA2B5BB47500A88F7C /* Products */ = {
			isa = PBXGroup;
			children = (
				642FEDD92B5BB47500A88F7C /* Bookify.app */,
			);
			name = Products;
			sourceTree = "<group>";
		};
		642FEDDB2B5BB47500A88F7C /* Bookify */ = {
			isa = PBXGroup;
			children = (
				642FEDEA2B5BB47800A88F7C /* Info.plist */,
				6456C11C2B5BC49900898E2C /* Common */,
			);
			path = Bookify;
			sourceTree = "<group>";
		};
		6456C11B2B5BC48600898E2C /* HomeViewController */ = {
			isa = PBXGroup;
			children = (
				642FEDE02B5BB47500A88F7C /* BookifyHomeViewController.swift */,
				642FEDE22B5BB47500A88F7C /* Main.storyboard */,
			);
			path = HomeViewController;
			sourceTree = "<group>";
		};
		6456C11C2B5BC49900898E2C /* Common */ = {
			isa = PBXGroup;
			children = (
				642FEDDC2B5BB47500A88F7C /* AppDelegate.swift */,
				642FEDDE2B5BB47500A88F7C /* SceneDelegate.swift */,
				642FEDE52B5BB47800A88F7C /* Assets.xcassets */,
				642FEDE72B5BB47800A88F7C /* LaunchScreen.storyboard */,
				6456C11B2B5BC48600898E2C /* HomeViewController */,
			);
			path = Common;
			sourceTree = "<group>";
		};
		B420F71338283285B765C3AD /* Frameworks */ = {
			isa = PBXGroup;
			children = (
				0E0AD5F288EDB3163DFCCD04 /* Pods_Bookify.framework */,
			);
			name = Frameworks;
			sourceTree = "<group>";
		};
		D2F8A779105E2429184E709F /* Pods */ = {
			isa = PBXGroup;
			children = (
				00B0B61C5C31A8046467B921 /* Pods-Bookify.debug.xcconfig */,
				5A3430669949C3B5681FA8A1 /* Pods-Bookify.release.xcconfig */,
			);
			path = Pods;
			sourceTree = "<group>";
		};
/* End PBXGroup section */

/* Begin PBXNativeTarget section */
		642FEDD82B5BB47500A88F7C /* Bookify */ = {
			isa = PBXNativeTarget;
			buildConfigurationList = 642FEDED2B5BB47800A88F7C /* Build configuration list for PBXNativeTarget "Bookify" */;
			buildPhases = (
				2BDD5FE625863CDFE1E84559 /* [CP] Check Pods Manifest.lock */,
				642FEDD52B5BB47500A88F7C /* Sources */,
				642FEDD62B5BB47500A88F7C /* Frameworks */,
				642FEDD72B5BB47500A88F7C /* Resources */,
				C7E7912A6E4520E110B1B03D /* [CP] Embed Pods Frameworks */,
			);
			buildRules = (
			);
			dependencies = (
			);
			name = Bookify;
			productName = Bookify;
			productReference = 642FEDD92B5BB47500A88F7C /* Bookify.app */;
			productType = "com.apple.product-type.application";
		};
/* End PBXNativeTarget section */

/* Begin PBXProject section */
		642FEDD12B5BB47500A88F7C /* Project object */ = {
			isa = PBXProject;
			attributes = {
				BuildIndependentTargetsInParallel = 1;
				LastSwiftUpdateCheck = 1510;
				LastUpgradeCheck = 1510;
				TargetAttributes = {
					642FEDD82B5BB47500A88F7C = {
						CreatedOnToolsVersion = 15.1;
					};
				};
			};
			buildConfigurationList = 642FEDD42B5BB47500A88F7C /* Build configuration list for PBXProject "Bookify" */;
			compatibilityVersion = "Xcode 14.0";
			developmentRegion = en;
			hasScannedForEncodings = 0;
			knownRegions = (
				en,
				Base,
			);
			mainGroup = 642FEDD02B5BB47500A88F7C;
			productRefGroup = 642FEDDA2B5BB47500A88F7C /* Products */;
			projectDirPath = "";
			projectRoot = "";
			targets = (
				642FEDD82B5BB47500A88F7C /* Bookify */,
			);
		};
/* End PBXProject section */

/* Begin PBXResourcesBuildPhase section */
		642FEDD72B5BB47500A88F7C /* Resources */ = {
			isa = PBXResourcesBuildPhase;
			buildActionMask = 2147483647;
			files = (
				642FEDE92B5BB47800A88F7C /* LaunchScreen.storyboard in Resources */,
				642FEDE62B5BB47800A88F7C /* Assets.xcassets in Resources */,
				642FEDE42B5BB47500A88F7C /* Main.storyboard in Resources */,
			);
			runOnlyForDeploymentPostprocessing = 0;
		};
/* End PBXResourcesBuildPhase section */

/* Begin PBXShellScriptBuildPhase section */
		2BDD5FE625863CDFE1E84559 /* [CP] Check Pods Manifest.lock */ = {
			isa = PBXShellScriptBuildPhase;
			buildActionMask = 2147483647;
			files = (
			);
			inputFileListPaths = (
			);
			inputPaths = (
				"${PODS_PODFILE_DIR_PATH}/Podfile.lock",
				"${PODS_ROOT}/Manifest.lock",
			);
			name = "[CP] Check Pods Manifest.lock";
			outputFileListPaths = (
			);
			outputPaths = (
				"$(DERIVED_FILE_DIR)/Pods-Bookify-checkManifestLockResult.txt",
			);
			runOnlyForDeploymentPostprocessing = 0;
			shellPath = /bin/sh;
			shellScript = "diff \"${PODS_PODFILE_DIR_PATH}/Podfile.lock\" \"${PODS_ROOT}/Manifest.lock\" > /dev/null\nif [ $? != 0 ] ; then\n    # print error to STDERR\n    echo \"error: The sandbox is not in sync with the Podfile.lock. Run 'pod install' or update your CocoaPods installation.\" >&2\n    exit 1\nfi\n# This output is used by Xcode 'outputs' to avoid re-running this script phase.\necho \"SUCCESS\" > \"${SCRIPT_OUTPUT_FILE_0}\"\n";
			showEnvVarsInLog = 0;
		};
		C7E7912A6E4520E110B1B03D /* [CP] Embed Pods Frameworks */ = {
			isa = PBXShellScriptBuildPhase;
			buildActionMask = 2147483647;
			files = (
			);
			inputFileListPaths = (
				"${PODS_ROOT}/Target Support Files/Pods-Bookify/Pods-Bookify-frameworks-${CONFIGURATION}-input-files.xcfilelist",
			);
			name = "[CP] Embed Pods Frameworks";
			outputFileListPaths = (
				"${PODS_ROOT}/Target Support Files/Pods-Bookify/Pods-Bookify-frameworks-${CONFIGURATION}-output-files.xcfilelist",
			);
			runOnlyForDeploymentPostprocessing = 0;
			shellPath = /bin/sh;
			shellScript = "\"${PODS_ROOT}/Target Support Files/Pods-Bookify/Pods-Bookify-frameworks.sh\"\n";
			showEnvVarsInLog = 0;
		};
/* End PBXShellScriptBuildPhase section */

/* Begin PBXSourcesBuildPhase section */
		642FEDD52B5BB47500A88F7C /* Sources */ = {
			isa = PBXSourcesBuildPhase;
			buildActionMask = 2147483647;
			files = (
				642FEDE12B5BB47500A88F7C /* BookifyHomeViewController.swift in Sources */,
				642FEDDD2B5BB47500A88F7C /* AppDelegate.swift in Sources */,
				642FEDDF2B5BB47500A88F7C /* SceneDelegate.swift in Sources */,
			);
			runOnlyForDeploymentPostprocessing = 0;
		};
/* End PBXSourcesBuildPhase section */

/* Begin PBXVariantGroup section */
		642FEDE22B5BB47500A88F7C /* Main.storyboard */ = {
			isa = PBXVariantGroup;
			children = (
				642FEDE32B5BB47500A88F7C /* Base */,
			);
			name = Main.storyboard;
			sourceTree = "<group>";
		};
		642FEDE72B5BB47800A88F7C /* LaunchScreen.storyboard */ = {
			isa = PBXVariantGroup;
			children = (
				642FEDE82B5BB47800A88F7C /* Base */,
			);
			name = LaunchScreen.storyboard;
			sourceTree = "<group>";
		};
/* End PBXVariantGroup section */

/* Begin XCBuildConfiguration section */
		642FEDEB2B5BB47800A88F7C /* Debug */ = {
			isa = XCBuildConfiguration;
			buildSettings = {
				ALWAYS_SEARCH_USER_PATHS = NO;
				ASSETCATALOG_COMPILER_GENERATE_SWIFT_ASSET_SYMBOL_EXTENSIONS = YES;
				CLANG_ANALYZER_NONNULL = YES;
				CLANG_ANALYZER_NUMBER_OBJECT_CONVERSION = YES_AGGRESSIVE;
				CLANG_CXX_LANGUAGE_STANDARD = "gnu++20";
				CLANG_ENABLE_MODULES = YES;
				CLANG_ENABLE_OBJC_ARC = YES;
				CLANG_ENABLE_OBJC_WEAK = YES;
				CLANG_WARN_BLOCK_CAPTURE_AUTORELEASING = YES;
				CLANG_WARN_BOOL_CONVERSION = YES;
				CLANG_WARN_COMMA = YES;
				CLANG_WARN_CONSTANT_CONVERSION = YES;
				CLANG_WARN_DEPRECATED_OBJC_IMPLEMENTATIONS = YES;
				CLANG_WARN_DIRECT_OBJC_ISA_USAGE = YES_ERROR;
				CLANG_WARN_DOCUMENTATION_COMMENTS = YES;
				CLANG_WARN_EMPTY_BODY = YES;
				CLANG_WARN_ENUM_CONVERSION = YES;
				CLANG_WARN_INFINITE_RECURSION = YES;
				CLANG_WARN_INT_CONVERSION = YES;
				CLANG_WARN_NON_LITERAL_NULL_CONVERSION = YES;
				CLANG_WARN_OBJC_IMPLICIT_RETAIN_SELF = YES;
				CLANG_WARN_OBJC_LITERAL_CONVERSION = YES;
				CLANG_WARN_OBJC_ROOT_CLASS = YES_ERROR;
				CLANG_WARN_QUOTED_INCLUDE_IN_FRAMEWORK_HEADER = YES;
				CLANG_WARN_RANGE_LOOP_ANALYSIS = YES;
				CLANG_WARN_STRICT_PROTOTYPES = YES;
				CLANG_WARN_SUSPICIOUS_MOVE = YES;
				CLANG_WARN_UNGUARDED_AVAILABILITY = YES_AGGRESSIVE;
				CLANG_WARN_UNREACHABLE_CODE = YES;
				CLANG_WARN__DUPLICATE_METHOD_MATCH = YES;
				COPY_PHASE_STRIP = NO;
				DEBUG_INFORMATION_FORMAT = dwarf;
				ENABLE_STRICT_OBJC_MSGSEND = YES;
				ENABLE_TESTABILITY = YES;
				ENABLE_USER_SCRIPT_SANDBOXING = NO;
				GCC_C_LANGUAGE_STANDARD = gnu17;
				GCC_DYNAMIC_NO_PIC = NO;
				GCC_NO_COMMON_BLOCKS = YES;
				GCC_OPTIMIZATION_LEVEL = 0;
				GCC_PREPROCESSOR_DEFINITIONS = (
					"DEBUG=1",
					"$(inherited)",
				);
				GCC_WARN_64_TO_32_BIT_CONVERSION = YES;
				GCC_WARN_ABOUT_RETURN_TYPE = YES_ERROR;
				GCC_WARN_UNDECLARED_SELECTOR = YES;
				GCC_WARN_UNINITIALIZED_AUTOS = YES_AGGRESSIVE;
				GCC_WARN_UNUSED_FUNCTION = YES;
				GCC_WARN_UNUSED_VARIABLE = YES;
				IPHONEOS_DEPLOYMENT_TARGET = 17.2;
				LOCALIZATION_PREFERS_STRING_CATALOGS = YES;
				MTL_ENABLE_DEBUG_INFO = INCLUDE_SOURCE;
				MTL_FAST_MATH = YES;
				ONLY_ACTIVE_ARCH = YES;
				SDKROOT = iphoneos;
				SWIFT_ACTIVE_COMPILATION_CONDITIONS = "DEBUG $(inherited)";
				SWIFT_OPTIMIZATION_LEVEL = "-Onone";
			};
			name = Debug;
		};
		642FEDEC2B5BB47800A88F7C /* Release */ = {
			isa = XCBuildConfiguration;
			buildSettings = {
				ALWAYS_SEARCH_USER_PATHS = NO;
				ASSETCATALOG_COMPILER_GENERATE_SWIFT_ASSET_SYMBOL_EXTENSIONS = YES;
				CLANG_ANALYZER_NONNULL = YES;
				CLANG_ANALYZER_NUMBER_OBJECT_CONVERSION = YES_AGGRESSIVE;
				CLANG_CXX_LANGUAGE_STANDARD = "gnu++20";
				CLANG_ENABLE_MODULES = YES;
				CLANG_ENABLE_OBJC_ARC = YES;
				CLANG_ENABLE_OBJC_WEAK = YES;
				CLANG_WARN_BLOCK_CAPTURE_AUTORELEASING = YES;
				CLANG_WARN_BOOL_CONVERSION = YES;
				CLANG_WARN_COMMA = YES;
				CLANG_WARN_CONSTANT_CONVERSION = YES;
				CLANG_WARN_DEPRECATED_OBJC_IMPLEMENTATIONS = YES;
				CLANG_WARN_DIRECT_OBJC_ISA_USAGE = YES_ERROR;
				CLANG_WARN_DOCUMENTATION_COMMENTS = YES;
				CLANG_WARN_EMPTY_BODY = YES;
				CLANG_WARN_ENUM_CONVERSION = YES;
				CLANG_WARN_INFINITE_RECURSION = YES;
				CLANG_WARN_INT_CONVERSION = YES;
				CLANG_WARN_NON_LITERAL_NULL_CONVERSION = YES;
				CLANG_WARN_OBJC_IMPLICIT_RETAIN_SELF = YES;
				CLANG_WARN_OBJC_LITERAL_CONVERSION = YES;
				CLANG_WARN_OBJC_ROOT_CLASS = YES_ERROR;
				CLANG_WARN_QUOTED_INCLUDE_IN_FRAMEWORK_HEADER = YES;
				CLANG_WARN_RANGE_LOOP_ANALYSIS = YES;
				CLANG_WARN_STRICT_PROTOTYPES = YES;
				CLANG_WARN_SUSPICIOUS_MOVE = YES;
				CLANG_WARN_UNGUARDED_AVAILABILITY = YES_AGGRESSIVE;
				CLANG_WARN_UNREACHABLE_CODE = YES;
				CLANG_WARN__DUPLICATE_METHOD_MATCH = YES;
				COPY_PHASE_STRIP = NO;
				DEBUG_INFORMATION_FORMAT = "dwarf-with-dsym";
				ENABLE_NS_ASSERTIONS = NO;
				ENABLE_STRICT_OBJC_MSGSEND = YES;
				ENABLE_USER_SCRIPT_SANDBOXING = NO;
				GCC_C_LANGUAGE_STANDARD = gnu17;
				GCC_NO_COMMON_BLOCKS = YES;
				GCC_WARN_64_TO_32_BIT_CONVERSION = YES;
				GCC_WARN_ABOUT_RETURN_TYPE = YES_ERROR;
				GCC_WARN_UNDECLARED_SELECTOR = YES;
				GCC_WARN_UNINITIALIZED_AUTOS = YES_AGGRESSIVE;
				GCC_WARN_UNUSED_FUNCTION = YES;
				GCC_WARN_UNUSED_VARIABLE = YES;
				IPHONEOS_DEPLOYMENT_TARGET = 17.2;
				LOCALIZATION_PREFERS_STRING_CATALOGS = YES;
				MTL_ENABLE_DEBUG_INFO = NO;
				MTL_FAST_MATH = YES;
				SDKROOT = iphoneos;
				SWIFT_COMPILATION_MODE = wholemodule;
				VALIDATE_PRODUCT = YES;
			};
			name = Release;
		};
		642FEDEE2B5BB47800A88F7C /* Debug */ = {
			isa = XCBuildConfiguration;
			baseConfigurationReference = 00B0B61C5C31A8046467B921 /* Pods-Bookify.debug.xcconfig */;
			buildSettings = {
				ASSETCATALOG_COMPILER_APPICON_NAME = AppIcon;
				ASSETCATALOG_COMPILER_GLOBAL_ACCENT_COLOR_NAME = AccentColor;
				CODE_SIGN_STYLE = Automatic;
				CURRENT_PROJECT_VERSION = 1;
				DEVELOPMENT_TEAM = 8W3CP283X5;
				GENERATE_INFOPLIST_FILE = YES;
				INFOPLIST_FILE = Bookify/Info.plist;
				INFOPLIST_KEY_UIApplicationSupportsIndirectInputEvents = YES;
				INFOPLIST_KEY_UILaunchStoryboardName = LaunchScreen;
				INFOPLIST_KEY_UIMainStoryboardFile = Main;
				INFOPLIST_KEY_UISupportedInterfaceOrientations_iPad = "UIInterfaceOrientationPortrait UIInterfaceOrientationPortraitUpsideDown UIInterfaceOrientationLandscapeLeft UIInterfaceOrientationLandscapeRight";
				INFOPLIST_KEY_UISupportedInterfaceOrientations_iPhone = "UIInterfaceOrientationPortrait UIInterfaceOrientationLandscapeLeft UIInterfaceOrientationLandscapeRight";
				IPHONEOS_DEPLOYMENT_TARGET = 16;
				LD_RUNPATH_SEARCH_PATHS = (
					"$(inherited)",
					"@executable_path/Frameworks",
				);
				MARKETING_VERSION = 1.0;
				PRODUCT_BUNDLE_IDENTIFIER = com.rohanHub.Bookify;
				PRODUCT_NAME = "$(TARGET_NAME)";
				SWIFT_EMIT_LOC_STRINGS = YES;
				SWIFT_VERSION = 5.0;
				TARGETED_DEVICE_FAMILY = "1,2";
			};
			name = Debug;
		};
		642FEDEF2B5BB47800A88F7C /* Release */ = {
			isa = XCBuildConfiguration;
			baseConfigurationReference = 5A3430669949C3B5681FA8A1 /* Pods-Bookify.release.xcconfig */;
			buildSettings = {
				ASSETCATALOG_COMPILER_APPICON_NAME = AppIcon;
				ASSETCATALOG_COMPILER_GLOBAL_ACCENT_COLOR_NAME = AccentColor;
				CODE_SIGN_STYLE = Automatic;
				CURRENT_PROJECT_VERSION = 1;
				DEVELOPMENT_TEAM = 8W3CP283X5;
				GENERATE_INFOPLIST_FILE = YES;
				INFOPLIST_FILE = Bookify/Info.plist;
				INFOPLIST_KEY_UIApplicationSupportsIndirectInputEvents = YES;
				INFOPLIST_KEY_UILaunchStoryboardName = LaunchScreen;
				INFOPLIST_KEY_UIMainStoryboardFile = Main;
				INFOPLIST_KEY_UISupportedInterfaceOrientations_iPad = "UIInterfaceOrientationPortrait UIInterfaceOrientationPortraitUpsideDown UIInterfaceOrientationLandscapeLeft UIInterfaceOrientationLandscapeRight";
				INFOPLIST_KEY_UISupportedInterfaceOrientations_iPhone = "UIInterfaceOrientationPortrait UIInterfaceOrientationLandscapeLeft UIInterfaceOrientationLandscapeRight";
				IPHONEOS_DEPLOYMENT_TARGET = 16;
				LD_RUNPATH_SEARCH_PATHS = (
					"$(inherited)",
					"@executable_path/Frameworks",
				);
				MARKETING_VERSION = 1.0;
				PRODUCT_BUNDLE_IDENTIFIER = com.rohanHub.Bookify;
				PRODUCT_NAME = "$(TARGET_NAME)";
				SWIFT_EMIT_LOC_STRINGS = YES;
				SWIFT_VERSION = 5.0;
				TARGETED_DEVICE_FAMILY = "1,2";
			};
			name = Release;
		};
/* End XCBuildConfiguration section */

/* Begin XCConfigurationList section */
		642FEDD42B5BB47500A88F7C /* Build configuration list for PBXProject "Bookify" */ = {
			isa = XCConfigurationList;
			buildConfigurations = (
				642FEDEB2B5BB47800A88F7C /* Debug */,
				642FEDEC2B5BB47800A88F7C /* Release */,
			);
			defaultConfigurationIsVisible = 0;
			defaultConfigurationName = Release;
		};
		642FEDED2B5BB47800A88F7C /* Build configuration list for PBXNativeTarget "Bookify" */ = {
			isa = XCConfigurationList;
			buildConfigurations = (
				642FEDEE2B5BB47800A88F7C /* Debug */,
				642FEDEF2B5BB47800A88F7C /* Release */,
			);
			defaultConfigurationIsVisible = 0;
			defaultConfigurationName = Release;
		};
/* End XCConfigurationList section */
	};
	rootObject = 642FEDD12B5BB47500A88F7C /* Project object */;
}
